
Microsoft Visual Studio Solution File, Format Version 12.00
# Visual Studio Version 17
VisualStudioVersion = 17.7.34031.279
MinimumVisualStudioVersion = 10.0.40219.1
Project("{FAE04EC0-301F-11D3-BF4B-00C04F79EFBC}") = "SOMIOD", "SOMIOD\SOMIOD.csproj", "{9D8BBBDD-F2C2-451D-B6C4-C4C0F3FB8DA1}"
EndProject
Project("{2150E333-8FDC-42A3-9474-1A3956D46DE8}") = "API", "API", "{696364AD-63D4-4B09-9424-F2B6117AE2F9}"
EndProject
Project("{2150E333-8FDC-42A3-9474-1A3956D46DE8}") = "TestApplication", "TestApplication", "{A733A6F2-BF95-4466-B624-9B0A1D16B5A6}"
EndProject
Project("{FAE04EC0-301F-11D3-BF4B-00C04F79EFBC}") = "LightApplicationExample", "LightApplicationExample\LightApplicationExample.csproj", "{82EFF348-4006-4878-80A5-B18FEE77876A}"
EndProject
Project("{FAE04EC0-301F-11D3-BF4B-00C04F79EFBC}") = "CreateApplicationExample", "CreateApplicationExample\CreateApplicationExample.csproj", "{CB961584-321C-4EF6-A01C-EAA918B16EDE}"
EndProject
Project("{FAE04EC0-301F-11D3-BF4B-00C04F79EFBC}") = "SOMIOD.Library", "SOMIOD.Library\SOMIOD.Library.csproj", "{4DF718CF-C907-48D4-92EC-D86195762B95}"
EndProject
Project("{2150E333-8FDC-42A3-9474-1A3956D46DE8}") = "Library", "Library", "{5AA0F645-F890-46B0-99D0-77D2D4165A14}"
EndProject
Project("{FAE04EC0-301F-11D3-BF4B-00C04F79EFBC}") = "SOMIOD.AppGenerator", "SOMIOD.AppGenerator\SOMIOD.AppGenerator.csproj", "{C7527749-940D-43C7-982C-3124BF5F67A0}"
EndProject
Project("{2150E333-8FDC-42A3-9474-1A3956D46DE8}") = "Database", "Database", "{12ECA4D9-3F3A-4C6D-851B-FAECDA227192}"
EndProject
Project("{00D1A9C2-B5F0-4AF3-8072-F6C62B433612}") = "SOMIOD.Database", "Somiod.Database\SOMIOD.Database.sqlproj", "{534AD55B-53D5-4C6F-810F-3A8FAF6AF0E0}"
EndProject
Project("{2150E333-8FDC-42A3-9474-1A3956D46DE8}") = "Apps", "Apps", "{EF49825B-B06E-4529-A48C-3ACA3317423F}"
EndProject
Project("{FAE04EC0-301F-11D3-BF4B-00C04F79EFBC}") = "SOMIOD.WebChatZ", "SOMIOD.WebChatZ\SOMIOD.WebChatZ.csproj", "{4E9B6D5B-DD7B-4078-A2A2-ADEA1D21029B}"
EndProject
Global
	GlobalSection(SolutionConfigurationPlatforms) = preSolution
		Debug|Any CPU = Debug|Any CPU
		Release|Any CPU = Release|Any CPU
	EndGlobalSection
	GlobalSection(ProjectConfigurationPlatforms) = postSolution
		{9D8BBBDD-F2C2-451D-B6C4-C4C0F3FB8DA1}.Debug|Any CPU.ActiveCfg = Debug|Any CPU
		{9D8BBBDD-F2C2-451D-B6C4-C4C0F3FB8DA1}.Debug|Any CPU.Build.0 = Debug|Any CPU
		{9D8BBBDD-F2C2-451D-B6C4-C4C0F3FB8DA1}.Release|Any CPU.ActiveCfg = Release|Any CPU
		{9D8BBBDD-F2C2-451D-B6C4-C4C0F3FB8DA1}.Release|Any CPU.Build.0 = Release|Any CPU
		{82EFF348-4006-4878-80A5-B18FEE77876A}.Debug|Any CPU.ActiveCfg = Debug|Any CPU
		{82EFF348-4006-4878-80A5-B18FEE77876A}.Debug|Any CPU.Build.0 = Debug|Any CPU
		{82EFF348-4006-4878-80A5-B18FEE77876A}.Release|Any CPU.ActiveCfg = Release|Any CPU
		{82EFF348-4006-4878-80A5-B18FEE77876A}.Release|Any CPU.Build.0 = Release|Any CPU
		{CB961584-321C-4EF6-A01C-EAA918B16EDE}.Debug|Any CPU.ActiveCfg = Debug|Any CPU
		{CB961584-321C-4EF6-A01C-EAA918B16EDE}.Debug|Any CPU.Build.0 = Debug|Any CPU
		{CB961584-321C-4EF6-A01C-EAA918B16EDE}.Release|Any CPU.ActiveCfg = Release|Any CPU
		{CB961584-321C-4EF6-A01C-EAA918B16EDE}.Release|Any CPU.Build.0 = Release|Any CPU
		{4DF718CF-C907-48D4-92EC-D86195762B95}.Debug|Any CPU.ActiveCfg = Debug|Any CPU
		{4DF718CF-C907-48D4-92EC-D86195762B95}.Debug|Any CPU.Build.0 = Debug|Any CPU
		{4DF718CF-C907-48D4-92EC-D86195762B95}.Release|Any CPU.ActiveCfg = Release|Any CPU
		{4DF718CF-C907-48D4-92EC-D86195762B95}.Release|Any CPU.Build.0 = Release|Any CPU
		{C7527749-940D-43C7-982C-3124BF5F67A0}.Debug|Any CPU.ActiveCfg = Debug|Any CPU
		{C7527749-940D-43C7-982C-3124BF5F67A0}.Debug|Any CPU.Build.0 = Debug|Any CPU
		{C7527749-940D-43C7-982C-3124BF5F67A0}.Release|Any CPU.ActiveCfg = Release|Any CPU
		{C7527749-940D-43C7-982C-3124BF5F67A0}.Release|Any CPU.Build.0 = Release|Any CPU
		{534AD55B-53D5-4C6F-810F-3A8FAF6AF0E0}.Debug|Any CPU.ActiveCfg = Debug|Any CPU
		{534AD55B-53D5-4C6F-810F-3A8FAF6AF0E0}.Debug|Any CPU.Build.0 = Debug|Any CPU
		{534AD55B-53D5-4C6F-810F-3A8FAF6AF0E0}.Debug|Any CPU.Deploy.0 = Debug|Any CPU
		{534AD55B-53D5-4C6F-810F-3A8FAF6AF0E0}.Release|Any CPU.ActiveCfg = Release|Any CPU
		{534AD55B-53D5-4C6F-810F-3A8FAF6AF0E0}.Release|Any CPU.Build.0 = Release|Any CPU
		{534AD55B-53D5-4C6F-810F-3A8FAF6AF0E0}.Release|Any CPU.Deploy.0 = Release|Any CPU
		{4E9B6D5B-DD7B-4078-A2A2-ADEA1D21029B}.Debug|Any CPU.ActiveCfg = Debug|Any CPU
		{4E9B6D5B-DD7B-4078-A2A2-ADEA1D21029B}.Debug|Any CPU.Build.0 = Debug|Any CPU
		{4E9B6D5B-DD7B-4078-A2A2-ADEA1D21029B}.Release|Any CPU.ActiveCfg = Release|Any CPU
		{4E9B6D5B-DD7B-4078-A2A2-ADEA1D21029B}.Release|Any CPU.Build.0 = Release|Any CPU
	EndGlobalSection
	GlobalSection(SolutionProperties) = preSolution
		HideSolutionNode = FALSE
	EndGlobalSection
	GlobalSection(NestedProjects) = preSolution
		{9D8BBBDD-F2C2-451D-B6C4-C4C0F3FB8DA1} = {696364AD-63D4-4B09-9424-F2B6117AE2F9}
		{82EFF348-4006-4878-80A5-B18FEE77876A} = {A733A6F2-BF95-4466-B624-9B0A1D16B5A6}
		{CB961584-321C-4EF6-A01C-EAA918B16EDE} = {A733A6F2-BF95-4466-B624-9B0A1D16B5A6}
		{4DF718CF-C907-48D4-92EC-D86195762B95} = {5AA0F645-F890-46B0-99D0-77D2D4165A14}
		{C7527749-940D-43C7-982C-3124BF5F67A0} = {EF49825B-B06E-4529-A48C-3ACA3317423F}
		{534AD55B-53D5-4C6F-810F-3A8FAF6AF0E0} = {12ECA4D9-3F3A-4C6D-851B-FAECDA227192}
		{4E9B6D5B-DD7B-4078-A2A2-ADEA1D21029B} = {EF49825B-B06E-4529-A48C-3ACA3317423F}
	EndGlobalSection
	GlobalSection(ExtensibilityGlobals) = postSolution
		SolutionGuid = {09D2B410-4CA5-4E02-AF62-A61C6F75A1FB}
	EndGlobalSection
EndGlobal
